
Microsoft Visual Studio Solution File, Format Version 12.00
# Visual Studio Version 16
VisualStudioVersion = 25.0.1706.7
MinimumVisualStudioVersion = 10.0.40219.1
Project("{FAE04EC0-301F-11D3-BF4B-00C04F79EFBC}") = "Entities", "Entity\Entities.csproj", "{5DB0840C-9474-4F2E-A747-3C589B77CD6A}"
EndProject
Project("{FAE04EC0-301F-11D3-BF4B-00C04F79EFBC}") = "Business", "Business\Business.csproj", "{AA886939-9B95-4A1D-9B8C-F27354AB5F95}"
EndProject
Project("{FAE04EC0-301F-11D3-BF4B-00C04F79EFBC}") = "Core", "Core\Core.csproj", "{88703B4A-D67B-48E6-8D61-314EE9076187}"
EndProject
Project("{FAE04EC0-301F-11D3-BF4B-00C04F79EFBC}") = "DataAccess", "DataAccess\DataAccess.csproj", "{D5D81A7D-8791-4218-929A-B2946B1B56B6}"
EndProject
Project("{FAE04EC0-301F-11D3-BF4B-00C04F79EFBC}") = "WebAPI", "WebAPI\WebAPI.csproj", "{27148D1F-6120-4D68-BCEC-0D4351F4AF68}"
EndProject
Global
	GlobalSection(SolutionConfigurationPlatforms) = preSolution
		Debug|Any CPU = Debug|Any CPU
		Release|Any CPU = Release|Any CPU
	EndGlobalSection
	GlobalSection(ProjectConfigurationPlatforms) = postSolution
		{5DB0840C-9474-4F2E-A747-3C589B77CD6A}.Debug|Any CPU.ActiveCfg = Debug|Any CPU
		{5DB0840C-9474-4F2E-A747-3C589B77CD6A}.Debug|Any CPU.Build.0 = Debug|Any CPU
		{5DB0840C-9474-4F2E-A747-3C589B77CD6A}.Release|Any CPU.ActiveCfg = Release|Any CPU
		{5DB0840C-9474-4F2E-A747-3C589B77CD6A}.Release|Any CPU.Build.0 = Release|Any CPU
		{AA886939-9B95-4A1D-9B8C-F27354AB5F95}.Debug|Any CPU.ActiveCfg = Debug|Any CPU
		{AA886939-9B95-4A1D-9B8C-F27354AB5F95}.Debug|Any CPU.Build.0 = Debug|Any CPU
		{AA886939-9B95-4A1D-9B8C-F27354AB5F95}.Release|Any CPU.ActiveCfg = Release|Any CPU
		{AA886939-9B95-4A1D-9B8C-F27354AB5F95}.Release|Any CPU.Build.0 = Release|Any CPU
		{88703B4A-D67B-48E6-8D61-314EE9076187}.Debug|Any CPU.ActiveCfg = Debug|Any CPU
		{88703B4A-D67B-48E6-8D61-314EE9076187}.Debug|Any CPU.Build.0 = Debug|Any CPU
		{88703B4A-D67B-48E6-8D61-314EE9076187}.Release|Any CPU.ActiveCfg = Release|Any CPU
		{88703B4A-D67B-48E6-8D61-314EE9076187}.Release|Any CPU.Build.0 = Release|Any CPU
		{D5D81A7D-8791-4218-929A-B2946B1B56B6}.Debug|Any CPU.ActiveCfg = Debug|Any CPU
		{D5D81A7D-8791-4218-929A-B2946B1B56B6}.Debug|Any CPU.Build.0 = Debug|Any CPU
		{D5D81A7D-8791-4218-929A-B2946B1B56B6}.Release|Any CPU.ActiveCfg = Release|Any CPU
		{D5D81A7D-8791-4218-929A-B2946B1B56B6}.Release|Any CPU.Build.0 = Release|Any CPU
		{27148D1F-6120-4D68-BCEC-0D4351F4AF68}.Debug|Any CPU.ActiveCfg = Debug|Any CPU
		{27148D1F-6120-4D68-BCEC-0D4351F4AF68}.Debug|Any CPU.Build.0 = Debug|Any CPU
		{27148D1F-6120-4D68-BCEC-0D4351F4AF68}.Release|Any CPU.ActiveCfg = Release|Any CPU
		{27148D1F-6120-4D68-BCEC-0D4351F4AF68}.Release|Any CPU.Build.0 = Release|Any CPU
	EndGlobalSection
	GlobalSection(SolutionProperties) = preSolution
		HideSolutionNode = FALSE
	EndGlobalSection
	GlobalSection(ExtensibilityGlobals) = postSolution
		SolutionGuid = {6E6C4950-3EFA-48E8-B938-EAD6B5F8EBEE}
	EndGlobalSection
EndGlobal
